<?xml version="1.0" encoding="UTF-8"?>
<CodeBlocks_project_file>
	<FileVersion major="1" minor="6"/>
	<Project>
		<Option title="SampleOmni"/>
		<Option makefile_is_custom="1"/>
		<Option compiler="gcc"/>
		<Option virtualFolders="CMake Files\;CMake Files\Terminal\;CMake Files\Terminal\Dependencies\;CMake Files\Terminal\Dependencies\FreeType\;CMake Files\Terminal\Dependencies\PicoPNG\;CMake Files\Samples\;CMake Files\Samples\Omni\;"/>
		<Build>
			<Target title="all">
				<Option working_dir="/home/andres6936/CLionProjects/BearLibTerminal/Samples/Omni"/>
				<Option type="4"/>
				<MakeCommands>
					<Build command="/usr/bin/make -f &quot;/home/andres6936/CLionProjects/BearLibTerminal/Samples/Omni/Makefile&quot;  VERBOSE=1 all"/>
					<CompileFile command="/usr/bin/make -f &quot;/home/andres6936/CLionProjects/BearLibTerminal/Samples/Omni/Makefile&quot;  VERBOSE=1 &quot;$file&quot;"/>
					<Clean command="/usr/bin/make -f &quot;/home/andres6936/CLionProjects/BearLibTerminal/Samples/Omni/Makefile&quot;  VERBOSE=1 clean"/>
					<DistClean command="/usr/bin/make -f &quot;/home/andres6936/CLionProjects/BearLibTerminal/Samples/Omni/Makefile&quot;  VERBOSE=1 clean"/>
				</MakeCommands>
			</Target>
			<Target title="SampleOmni">
				<Option output="/home/andres6936/CLionProjects/BearLibTerminal/Output/Linux64/SampleOmni" prefix_auto="0" extension_auto="0"/>
				<Option working_dir="/home/andres6936/CLionProjects/BearLibTerminal/Samples/Omni"/>
				<Option object_output="./"/>
				<Option type="1"/>
				<Option compiler="gcc"/>
				<Compiler>
					<Add directory="/home/andres6936/CLionProjects/BearLibTerminal/Terminal/Include/C"/>
				</Compiler>
				<MakeCommands>
					<Build command="/usr/bin/make -f &quot;/home/andres6936/CLionProjects/BearLibTerminal/Samples/Omni/Makefile&quot;  VERBOSE=1 SampleOmni"/>
					<CompileFile command="/usr/bin/make -f &quot;/home/andres6936/CLionProjects/BearLibTerminal/Samples/Omni/Makefile&quot;  VERBOSE=1 &quot;$file&quot;"/>
					<Clean command="/usr/bin/make -f &quot;/home/andres6936/CLionProjects/BearLibTerminal/Samples/Omni/Makefile&quot;  VERBOSE=1 clean"/>
					<DistClean command="/usr/bin/make -f &quot;/home/andres6936/CLionProjects/BearLibTerminal/Samples/Omni/Makefile&quot;  VERBOSE=1 clean"/>
				</MakeCommands>
			</Target>
			<Target title="SampleOmni/fast">
				<Option output="/home/andres6936/CLionProjects/BearLibTerminal/Output/Linux64/SampleOmni" prefix_auto="0" extension_auto="0"/>
				<Option working_dir="/home/andres6936/CLionProjects/BearLibTerminal/Samples/Omni"/>
				<Option object_output="./"/>
				<Option type="1"/>
				<Option compiler="gcc"/>
				<Compiler>
					<Add directory="/home/andres6936/CLionProjects/BearLibTerminal/Terminal/Include/C"/>
				</Compiler>
				<MakeCommands>
					<Build command="/usr/bin/make -f &quot;/home/andres6936/CLionProjects/BearLibTerminal/Samples/Omni/Makefile&quot;  VERBOSE=1 SampleOmni/fast"/>
					<CompileFile command="/usr/bin/make -f &quot;/home/andres6936/CLionProjects/BearLibTerminal/Samples/Omni/Makefile&quot;  VERBOSE=1 &quot;$file&quot;"/>
					<Clean command="/usr/bin/make -f &quot;/home/andres6936/CLionProjects/BearLibTerminal/Samples/Omni/Makefile&quot;  VERBOSE=1 clean"/>
					<DistClean command="/usr/bin/make -f &quot;/home/andres6936/CLionProjects/BearLibTerminal/Samples/Omni/Makefile&quot;  VERBOSE=1 clean"/>
				</MakeCommands>
			</Target>
		</Build>
		<Unit filename="/home/andres6936/CLionProjects/BearLibTerminal/Samples/Omni/Source/AutoGenerated.cpp">
			<Option target="SampleOmni"/>
		</Unit>
		<Unit filename="/home/andres6936/CLionProjects/BearLibTerminal/Samples/Omni/Source/BasicOutput.cpp">
			<Option target="SampleOmni"/>
		</Unit>
		<Unit filename="/home/andres6936/CLionProjects/BearLibTerminal/Samples/Omni/Source/Common.cpp">
			<Option target="SampleOmni"/>
		</Unit>
		<Unit filename="/home/andres6936/CLionProjects/BearLibTerminal/Samples/Omni/Source/Common.hpp">
			<Option target="SampleOmni"/>
		</Unit>
		<Unit filename="/home/andres6936/CLionProjects/BearLibTerminal/Samples/Omni/Source/DefaultFont.cpp">
			<Option target="SampleOmni"/>
		</Unit>
		<Unit filename="/home/andres6936/CLionProjects/BearLibTerminal/Samples/Omni/Source/DynamicSprites.cpp">
			<Option target="SampleOmni"/>
		</Unit>
		<Unit filename="/home/andres6936/CLionProjects/BearLibTerminal/Samples/Omni/Source/ExtendedBasics.cpp">
			<Option target="SampleOmni"/>
		</Unit>
		<Unit filename="/home/andres6936/CLionProjects/BearLibTerminal/Samples/Omni/Source/ExtendedInterlayer.cpp">
			<Option target="SampleOmni"/>
		</Unit>
		<Unit filename="/home/andres6936/CLionProjects/BearLibTerminal/Samples/Omni/Source/ExtendedSmoothScroll.cpp">
			<Option target="SampleOmni"/>
		</Unit>
		<Unit filename="/home/andres6936/CLionProjects/BearLibTerminal/Samples/Omni/Source/FormattedLog.cpp">
			<Option target="SampleOmni"/>
		</Unit>
		<Unit filename="/home/andres6936/CLionProjects/BearLibTerminal/Samples/Omni/Source/InputFiltering.cpp">
			<Option target="SampleOmni"/>
		</Unit>
		<Unit filename="/home/andres6936/CLionProjects/BearLibTerminal/Samples/Omni/Source/Keyboard.cpp">
			<Option target="SampleOmni"/>
		</Unit>
		<Unit filename="/home/andres6936/CLionProjects/BearLibTerminal/Samples/Omni/Source/Layers.cpp">
			<Option target="SampleOmni"/>
		</Unit>
		<Unit filename="/home/andres6936/CLionProjects/BearLibTerminal/Samples/Omni/Source/Main.cpp">
			<Option target="SampleOmni"/>
		</Unit>
		<Unit filename="/home/andres6936/CLionProjects/BearLibTerminal/Samples/Omni/Source/ManualCellsize.cpp">
			<Option target="SampleOmni"/>
		</Unit>
		<Unit filename="/home/andres6936/CLionProjects/BearLibTerminal/Samples/Omni/Source/Mouse.cpp">
			<Option target="SampleOmni"/>
		</Unit>
		<Unit filename="/home/andres6936/CLionProjects/BearLibTerminal/Samples/Omni/Source/MultipleFonts.cpp">
			<Option target="SampleOmni"/>
		</Unit>
		<Unit filename="/home/andres6936/CLionProjects/BearLibTerminal/Samples/Omni/Source/Pick.cpp">
			<Option target="SampleOmni"/>
		</Unit>
		<Unit filename="/home/andres6936/CLionProjects/BearLibTerminal/Samples/Omni/Source/Speed.cpp">
			<Option target="SampleOmni"/>
		</Unit>
		<Unit filename="/home/andres6936/CLionProjects/BearLibTerminal/Samples/Omni/Source/Sprites.cpp">
			<Option target="SampleOmni"/>
		</Unit>
		<Unit filename="/home/andres6936/CLionProjects/BearLibTerminal/Samples/Omni/Source/TextAlignment.cpp">
			<Option target="SampleOmni"/>
		</Unit>
		<Unit filename="/home/andres6936/CLionProjects/BearLibTerminal/Samples/Omni/Source/TextInput.cpp">
			<Option target="SampleOmni"/>
		</Unit>
		<Unit filename="/home/andres6936/CLionProjects/BearLibTerminal/Samples/Omni/Source/Tilesets.cpp">
			<Option target="SampleOmni"/>
		</Unit>
		<Unit filename="/home/andres6936/CLionProjects/BearLibTerminal/Samples/Omni/Source/WindowResize.cpp">
			<Option target="SampleOmni"/>
		</Unit>
		<Unit filename="/home/andres6936/CLionProjects/BearLibTerminal/Samples/Omni/Source/WindowsGlyphList4.cpp">
			<Option target="SampleOmni"/>
		</Unit>
		<Unit filename="/home/andres6936/CLionProjects/BearLibTerminal/Samples/Omni/Source/WindowsGlyphList4.hpp">
			<Option target="SampleOmni"/>
		</Unit>
		<Unit filename="/home/andres6936/CLionProjects/BearLibTerminal/CMakeLists.txt">
			<Option virtualFolder="CMake Files\"/>
		</Unit>
		<Unit filename="/home/andres6936/CLionProjects/BearLibTerminal/Terminal/CMakeLists.txt">
			<Option virtualFolder="CMake Files\Terminal\"/>
		</Unit>
		<Unit filename="/home/andres6936/CLionProjects/BearLibTerminal/Terminal/Dependencies/FreeType/CMakeLists.txt">
			<Option virtualFolder="CMake Files\Terminal\Dependencies\FreeType\"/>
		</Unit>
		<Unit filename="/home/andres6936/CLionProjects/BearLibTerminal/Terminal/Dependencies/PicoPNG/CMakeLists.txt">
			<Option virtualFolder="CMake Files\Terminal\Dependencies\PicoPNG\"/>
		</Unit>
		<Unit filename="/home/andres6936/CLionProjects/BearLibTerminal/Samples/Omni/CMakeLists.txt">
			<Option virtualFolder="CMake Files\Samples\Omni\"/>
		</Unit>
	</Project>
</CodeBlocks_project_file>
