<?xml version="1.0" encoding="UTF-8"?>
<CodeBlocks_project_file>
	<FileVersion major="1" minor="6"/>
	<Project>
		<Option title="BearLibTerminal"/>
		<Option makefile_is_custom="1"/>
		<Option compiler="gcc"/>
		<Option virtualFolders="CMake Files\;CMake Files\Terminal\;CMake Files\Terminal\Dependencies\;CMake Files\Terminal\Dependencies\FreeType\;CMake Files\Terminal\Dependencies\PicoPNG\;CMake Files\Samples\;CMake Files\Samples\Omni\;"/>
		<Build>
			<Target title="all">
				<Option working_dir="/home/andres6936/CLionProjects/BearLibTerminal/Terminal"/>
				<Option type="4"/>
				<MakeCommands>
					<Build command="/usr/bin/make -f &quot;/home/andres6936/CLionProjects/BearLibTerminal/Terminal/Makefile&quot;  VERBOSE=1 all"/>
					<CompileFile command="/usr/bin/make -f &quot;/home/andres6936/CLionProjects/BearLibTerminal/Terminal/Makefile&quot;  VERBOSE=1 &quot;$file&quot;"/>
					<Clean command="/usr/bin/make -f &quot;/home/andres6936/CLionProjects/BearLibTerminal/Terminal/Makefile&quot;  VERBOSE=1 clean"/>
					<DistClean command="/usr/bin/make -f &quot;/home/andres6936/CLionProjects/BearLibTerminal/Terminal/Makefile&quot;  VERBOSE=1 clean"/>
				</MakeCommands>
			</Target>
			<Target title="BearLibTerminal">
				<Option output="/home/andres6936/CLionProjects/BearLibTerminal/Output/Linux64/libBearLibTerminal.so" prefix_auto="0" extension_auto="0"/>
				<Option working_dir="/home/andres6936/CLionProjects/BearLibTerminal/Terminal"/>
				<Option object_output="./"/>
				<Option type="3"/>
				<Option compiler="gcc"/>
				<Compiler>
					<Add option="-DTERMINAL_VERSION=&quot;Unknown&quot;"/>
					<Add directory="/home/andres6936/CLionProjects/BearLibTerminal/Terminal/./Include/C"/>
					<Add directory="/home/andres6936/CLionProjects/BearLibTerminal/Terminal/./Dependencies/FreeType/Include"/>
					<Add directory="/home/andres6936/CLionProjects/BearLibTerminal/Terminal/./Dependencies/PicoPNG/Include"/>
					<Add directory="/home/andres6936/CLionProjects/BearLibTerminal/Terminal/./Dependencies/NanoJPEG/Include"/>
				</Compiler>
				<MakeCommands>
					<Build command="/usr/bin/make -f &quot;/home/andres6936/CLionProjects/BearLibTerminal/Terminal/Makefile&quot;  VERBOSE=1 BearLibTerminal"/>
					<CompileFile command="/usr/bin/make -f &quot;/home/andres6936/CLionProjects/BearLibTerminal/Terminal/Makefile&quot;  VERBOSE=1 &quot;$file&quot;"/>
					<Clean command="/usr/bin/make -f &quot;/home/andres6936/CLionProjects/BearLibTerminal/Terminal/Makefile&quot;  VERBOSE=1 clean"/>
					<DistClean command="/usr/bin/make -f &quot;/home/andres6936/CLionProjects/BearLibTerminal/Terminal/Makefile&quot;  VERBOSE=1 clean"/>
				</MakeCommands>
			</Target>
			<Target title="BearLibTerminal/fast">
				<Option output="/home/andres6936/CLionProjects/BearLibTerminal/Output/Linux64/libBearLibTerminal.so" prefix_auto="0" extension_auto="0"/>
				<Option working_dir="/home/andres6936/CLionProjects/BearLibTerminal/Terminal"/>
				<Option object_output="./"/>
				<Option type="3"/>
				<Option compiler="gcc"/>
				<Compiler>
					<Add option="-DTERMINAL_VERSION=&quot;Unknown&quot;"/>
					<Add directory="/home/andres6936/CLionProjects/BearLibTerminal/Terminal/./Include/C"/>
					<Add directory="/home/andres6936/CLionProjects/BearLibTerminal/Terminal/./Dependencies/FreeType/Include"/>
					<Add directory="/home/andres6936/CLionProjects/BearLibTerminal/Terminal/./Dependencies/PicoPNG/Include"/>
					<Add directory="/home/andres6936/CLionProjects/BearLibTerminal/Terminal/./Dependencies/NanoJPEG/Include"/>
				</Compiler>
				<MakeCommands>
					<Build command="/usr/bin/make -f &quot;/home/andres6936/CLionProjects/BearLibTerminal/Terminal/Makefile&quot;  VERBOSE=1 BearLibTerminal/fast"/>
					<CompileFile command="/usr/bin/make -f &quot;/home/andres6936/CLionProjects/BearLibTerminal/Terminal/Makefile&quot;  VERBOSE=1 &quot;$file&quot;"/>
					<Clean command="/usr/bin/make -f &quot;/home/andres6936/CLionProjects/BearLibTerminal/Terminal/Makefile&quot;  VERBOSE=1 clean"/>
					<DistClean command="/usr/bin/make -f &quot;/home/andres6936/CLionProjects/BearLibTerminal/Terminal/Makefile&quot;  VERBOSE=1 clean"/>
				</MakeCommands>
			</Target>
			<Target title="freetype2">
				<Option output="/home/andres6936/CLionProjects/BearLibTerminal/Terminal/Dependencies/FreeType/libfreetype2.a" prefix_auto="0" extension_auto="0"/>
				<Option working_dir="/home/andres6936/CLionProjects/BearLibTerminal/Terminal/Dependencies/FreeType"/>
				<Option object_output="./"/>
				<Option type="2"/>
				<Option compiler="gcc"/>
				<Compiler>
					<Add directory="/home/andres6936/CLionProjects/BearLibTerminal/Terminal/Dependencies/FreeType/./Include"/>
				</Compiler>
				<MakeCommands>
					<Build command="/usr/bin/make -f &quot;/home/andres6936/CLionProjects/BearLibTerminal/Terminal/Dependencies/FreeType/Makefile&quot;  VERBOSE=1 freetype2"/>
					<CompileFile command="/usr/bin/make -f &quot;/home/andres6936/CLionProjects/BearLibTerminal/Terminal/Dependencies/FreeType/Makefile&quot;  VERBOSE=1 &quot;$file&quot;"/>
					<Clean command="/usr/bin/make -f &quot;/home/andres6936/CLionProjects/BearLibTerminal/Terminal/Dependencies/FreeType/Makefile&quot;  VERBOSE=1 clean"/>
					<DistClean command="/usr/bin/make -f &quot;/home/andres6936/CLionProjects/BearLibTerminal/Terminal/Dependencies/FreeType/Makefile&quot;  VERBOSE=1 clean"/>
				</MakeCommands>
			</Target>
			<Target title="freetype2/fast">
				<Option output="/home/andres6936/CLionProjects/BearLibTerminal/Terminal/Dependencies/FreeType/libfreetype2.a" prefix_auto="0" extension_auto="0"/>
				<Option working_dir="/home/andres6936/CLionProjects/BearLibTerminal/Terminal/Dependencies/FreeType"/>
				<Option object_output="./"/>
				<Option type="2"/>
				<Option compiler="gcc"/>
				<Compiler>
					<Add directory="/home/andres6936/CLionProjects/BearLibTerminal/Terminal/Dependencies/FreeType/./Include"/>
				</Compiler>
				<MakeCommands>
					<Build command="/usr/bin/make -f &quot;/home/andres6936/CLionProjects/BearLibTerminal/Terminal/Dependencies/FreeType/Makefile&quot;  VERBOSE=1 freetype2/fast"/>
					<CompileFile command="/usr/bin/make -f &quot;/home/andres6936/CLionProjects/BearLibTerminal/Terminal/Dependencies/FreeType/Makefile&quot;  VERBOSE=1 &quot;$file&quot;"/>
					<Clean command="/usr/bin/make -f &quot;/home/andres6936/CLionProjects/BearLibTerminal/Terminal/Dependencies/FreeType/Makefile&quot;  VERBOSE=1 clean"/>
					<DistClean command="/usr/bin/make -f &quot;/home/andres6936/CLionProjects/BearLibTerminal/Terminal/Dependencies/FreeType/Makefile&quot;  VERBOSE=1 clean"/>
				</MakeCommands>
			</Target>
			<Target title="picopng">
				<Option output="/home/andres6936/CLionProjects/BearLibTerminal/Terminal/Dependencies/PicoPNG/libpicopng.a" prefix_auto="0" extension_auto="0"/>
				<Option working_dir="/home/andres6936/CLionProjects/BearLibTerminal/Terminal/Dependencies/PicoPNG"/>
				<Option object_output="./"/>
				<Option type="2"/>
				<Option compiler="gcc"/>
				<Compiler>
					<Add directory="/home/andres6936/CLionProjects/BearLibTerminal/Terminal/Dependencies/PicoPNG/./Include"/>
				</Compiler>
				<MakeCommands>
					<Build command="/usr/bin/make -f &quot;/home/andres6936/CLionProjects/BearLibTerminal/Terminal/Dependencies/PicoPNG/Makefile&quot;  VERBOSE=1 picopng"/>
					<CompileFile command="/usr/bin/make -f &quot;/home/andres6936/CLionProjects/BearLibTerminal/Terminal/Dependencies/PicoPNG/Makefile&quot;  VERBOSE=1 &quot;$file&quot;"/>
					<Clean command="/usr/bin/make -f &quot;/home/andres6936/CLionProjects/BearLibTerminal/Terminal/Dependencies/PicoPNG/Makefile&quot;  VERBOSE=1 clean"/>
					<DistClean command="/usr/bin/make -f &quot;/home/andres6936/CLionProjects/BearLibTerminal/Terminal/Dependencies/PicoPNG/Makefile&quot;  VERBOSE=1 clean"/>
				</MakeCommands>
			</Target>
			<Target title="picopng/fast">
				<Option output="/home/andres6936/CLionProjects/BearLibTerminal/Terminal/Dependencies/PicoPNG/libpicopng.a" prefix_auto="0" extension_auto="0"/>
				<Option working_dir="/home/andres6936/CLionProjects/BearLibTerminal/Terminal/Dependencies/PicoPNG"/>
				<Option object_output="./"/>
				<Option type="2"/>
				<Option compiler="gcc"/>
				<Compiler>
					<Add directory="/home/andres6936/CLionProjects/BearLibTerminal/Terminal/Dependencies/PicoPNG/./Include"/>
				</Compiler>
				<MakeCommands>
					<Build command="/usr/bin/make -f &quot;/home/andres6936/CLionProjects/BearLibTerminal/Terminal/Dependencies/PicoPNG/Makefile&quot;  VERBOSE=1 picopng/fast"/>
					<CompileFile command="/usr/bin/make -f &quot;/home/andres6936/CLionProjects/BearLibTerminal/Terminal/Dependencies/PicoPNG/Makefile&quot;  VERBOSE=1 &quot;$file&quot;"/>
					<Clean command="/usr/bin/make -f &quot;/home/andres6936/CLionProjects/BearLibTerminal/Terminal/Dependencies/PicoPNG/Makefile&quot;  VERBOSE=1 clean"/>
					<DistClean command="/usr/bin/make -f &quot;/home/andres6936/CLionProjects/BearLibTerminal/Terminal/Dependencies/PicoPNG/Makefile&quot;  VERBOSE=1 clean"/>
				</MakeCommands>
			</Target>
		</Build>
		<Unit filename="/home/andres6936/CLionProjects/BearLibTerminal/Terminal/Dependencies/FreeType/Source/autofit/autofit.c">
			<Option target="freetype2"/>
		</Unit>
		<Unit filename="/home/andres6936/CLionProjects/BearLibTerminal/Terminal/Dependencies/FreeType/Source/base/ftbase.c">
			<Option target="freetype2"/>
		</Unit>
		<Unit filename="/home/andres6936/CLionProjects/BearLibTerminal/Terminal/Dependencies/FreeType/Source/base/ftbase.h">
			<Option target="freetype2"/>
		</Unit>
		<Unit filename="/home/andres6936/CLionProjects/BearLibTerminal/Terminal/Dependencies/FreeType/Source/base/ftbbox.c">
			<Option target="freetype2"/>
		</Unit>
		<Unit filename="/home/andres6936/CLionProjects/BearLibTerminal/Terminal/Dependencies/FreeType/Source/base/ftdebug.c">
			<Option target="freetype2"/>
		</Unit>
		<Unit filename="/home/andres6936/CLionProjects/BearLibTerminal/Terminal/Dependencies/FreeType/Source/base/ftfstype.c">
			<Option target="freetype2"/>
		</Unit>
		<Unit filename="/home/andres6936/CLionProjects/BearLibTerminal/Terminal/Dependencies/FreeType/Source/base/ftgasp.c">
			<Option target="freetype2"/>
		</Unit>
		<Unit filename="/home/andres6936/CLionProjects/BearLibTerminal/Terminal/Dependencies/FreeType/Source/base/ftglyph.c">
			<Option target="freetype2"/>
		</Unit>
		<Unit filename="/home/andres6936/CLionProjects/BearLibTerminal/Terminal/Dependencies/FreeType/Source/base/ftinit.c">
			<Option target="freetype2"/>
		</Unit>
		<Unit filename="/home/andres6936/CLionProjects/BearLibTerminal/Terminal/Dependencies/FreeType/Source/base/ftlcdfil.c">
			<Option target="freetype2"/>
		</Unit>
		<Unit filename="/home/andres6936/CLionProjects/BearLibTerminal/Terminal/Dependencies/FreeType/Source/base/ftmm.c">
			<Option target="freetype2"/>
		</Unit>
		<Unit filename="/home/andres6936/CLionProjects/BearLibTerminal/Terminal/Dependencies/FreeType/Source/base/ftsystem.c">
			<Option target="freetype2"/>
		</Unit>
		<Unit filename="/home/andres6936/CLionProjects/BearLibTerminal/Terminal/Dependencies/FreeType/Source/raster/raster.c">
			<Option target="freetype2"/>
		</Unit>
		<Unit filename="/home/andres6936/CLionProjects/BearLibTerminal/Terminal/Dependencies/FreeType/Source/sfnt/sfnt.c">
			<Option target="freetype2"/>
		</Unit>
		<Unit filename="/home/andres6936/CLionProjects/BearLibTerminal/Terminal/Dependencies/FreeType/Source/smooth/smooth.c">
			<Option target="freetype2"/>
		</Unit>
		<Unit filename="/home/andres6936/CLionProjects/BearLibTerminal/Terminal/Dependencies/FreeType/Source/truetype/truetype.c">
			<Option target="freetype2"/>
		</Unit>
		<Unit filename="/home/andres6936/CLionProjects/BearLibTerminal/Terminal/Dependencies/PicoPNG/Source/PicoPNG.cpp">
			<Option target="picopng"/>
		</Unit>
		<Unit filename="/home/andres6936/CLionProjects/BearLibTerminal/Terminal/Include/C/BearLibTerminal.h">
			<Option target="BearLibTerminal"/>
		</Unit>
		<Unit filename="/home/andres6936/CLionProjects/BearLibTerminal/Terminal/Source/Atlas.cpp">
			<Option target="BearLibTerminal"/>
		</Unit>
		<Unit filename="/home/andres6936/CLionProjects/BearLibTerminal/Terminal/Source/Atlas.hpp">
			<Option target="BearLibTerminal"/>
		</Unit>
		<Unit filename="/home/andres6936/CLionProjects/BearLibTerminal/Terminal/Source/BOM.cpp">
			<Option target="BearLibTerminal"/>
		</Unit>
		<Unit filename="/home/andres6936/CLionProjects/BearLibTerminal/Terminal/Source/BOM.hpp">
			<Option target="BearLibTerminal"/>
		</Unit>
		<Unit filename="/home/andres6936/CLionProjects/BearLibTerminal/Terminal/Source/Base64.cpp">
			<Option target="BearLibTerminal"/>
		</Unit>
		<Unit filename="/home/andres6936/CLionProjects/BearLibTerminal/Terminal/Source/Base64.hpp">
			<Option target="BearLibTerminal"/>
		</Unit>
		<Unit filename="/home/andres6936/CLionProjects/BearLibTerminal/Terminal/Source/BearLibTerminal.cpp">
			<Option target="BearLibTerminal"/>
		</Unit>
		<Unit filename="/home/andres6936/CLionProjects/BearLibTerminal/Terminal/Source/Bitmap.cpp">
			<Option target="BearLibTerminal"/>
		</Unit>
		<Unit filename="/home/andres6936/CLionProjects/BearLibTerminal/Terminal/Source/Bitmap.hpp">
			<Option target="BearLibTerminal"/>
		</Unit>
		<Unit filename="/home/andres6936/CLionProjects/BearLibTerminal/Terminal/Source/BitmapTileset.cpp">
			<Option target="BearLibTerminal"/>
		</Unit>
		<Unit filename="/home/andres6936/CLionProjects/BearLibTerminal/Terminal/Source/BitmapTileset.hpp">
			<Option target="BearLibTerminal"/>
		</Unit>
		<Unit filename="/home/andres6936/CLionProjects/BearLibTerminal/Terminal/Source/Builtin.Codepages.hpp">
			<Option target="BearLibTerminal"/>
		</Unit>
		<Unit filename="/home/andres6936/CLionProjects/BearLibTerminal/Terminal/Source/Builtin.DefaultFont.hpp">
			<Option target="BearLibTerminal"/>
		</Unit>
		<Unit filename="/home/andres6936/CLionProjects/BearLibTerminal/Terminal/Source/CocoaWindow.h">
			<Option target="BearLibTerminal"/>
		</Unit>
		<Unit filename="/home/andres6936/CLionProjects/BearLibTerminal/Terminal/Source/Color.hpp">
			<Option target="BearLibTerminal"/>
		</Unit>
		<Unit filename="/home/andres6936/CLionProjects/BearLibTerminal/Terminal/Source/Config.cpp">
			<Option target="BearLibTerminal"/>
		</Unit>
		<Unit filename="/home/andres6936/CLionProjects/BearLibTerminal/Terminal/Source/Config.hpp">
			<Option target="BearLibTerminal"/>
		</Unit>
		<Unit filename="/home/andres6936/CLionProjects/BearLibTerminal/Terminal/Source/DynamicTileset.cpp">
			<Option target="BearLibTerminal"/>
		</Unit>
		<Unit filename="/home/andres6936/CLionProjects/BearLibTerminal/Terminal/Source/DynamicTileset.hpp">
			<Option target="BearLibTerminal"/>
		</Unit>
		<Unit filename="/home/andres6936/CLionProjects/BearLibTerminal/Terminal/Source/Encoding.cpp">
			<Option target="BearLibTerminal"/>
		</Unit>
		<Unit filename="/home/andres6936/CLionProjects/BearLibTerminal/Terminal/Source/Encoding.hpp">
			<Option target="BearLibTerminal"/>
		</Unit>
		<Unit filename="/home/andres6936/CLionProjects/BearLibTerminal/Terminal/Source/Geometry.hpp">
			<Option target="BearLibTerminal"/>
		</Unit>
		<Unit filename="/home/andres6936/CLionProjects/BearLibTerminal/Terminal/Source/Keystroke.cpp">
			<Option target="BearLibTerminal"/>
		</Unit>
		<Unit filename="/home/andres6936/CLionProjects/BearLibTerminal/Terminal/Source/Keystroke.hpp">
			<Option target="BearLibTerminal"/>
		</Unit>
		<Unit filename="/home/andres6936/CLionProjects/BearLibTerminal/Terminal/Source/LoadBMP.cpp">
			<Option target="BearLibTerminal"/>
		</Unit>
		<Unit filename="/home/andres6936/CLionProjects/BearLibTerminal/Terminal/Source/LoadBitmap.cpp">
			<Option target="BearLibTerminal"/>
		</Unit>
		<Unit filename="/home/andres6936/CLionProjects/BearLibTerminal/Terminal/Source/LoadBitmap.hpp">
			<Option target="BearLibTerminal"/>
		</Unit>
		<Unit filename="/home/andres6936/CLionProjects/BearLibTerminal/Terminal/Source/LoadJPEG.cpp">
			<Option target="BearLibTerminal"/>
		</Unit>
		<Unit filename="/home/andres6936/CLionProjects/BearLibTerminal/Terminal/Source/LoadPNG.cpp">
			<Option target="BearLibTerminal"/>
		</Unit>
		<Unit filename="/home/andres6936/CLionProjects/BearLibTerminal/Terminal/Source/Log.cpp">
			<Option target="BearLibTerminal"/>
		</Unit>
		<Unit filename="/home/andres6936/CLionProjects/BearLibTerminal/Terminal/Source/Log.hpp">
			<Option target="BearLibTerminal"/>
		</Unit>
		<Unit filename="/home/andres6936/CLionProjects/BearLibTerminal/Terminal/Source/Luaopen.cpp">
			<Option target="BearLibTerminal"/>
		</Unit>
		<Unit filename="/home/andres6936/CLionProjects/BearLibTerminal/Terminal/Source/OpenGL.cpp">
			<Option target="BearLibTerminal"/>
		</Unit>
		<Unit filename="/home/andres6936/CLionProjects/BearLibTerminal/Terminal/Source/OpenGL.hpp">
			<Option target="BearLibTerminal"/>
		</Unit>
		<Unit filename="/home/andres6936/CLionProjects/BearLibTerminal/Terminal/Source/OptionGroup.cpp">
			<Option target="BearLibTerminal"/>
		</Unit>
		<Unit filename="/home/andres6936/CLionProjects/BearLibTerminal/Terminal/Source/OptionGroup.hpp">
			<Option target="BearLibTerminal"/>
		</Unit>
		<Unit filename="/home/andres6936/CLionProjects/BearLibTerminal/Terminal/Source/Options.cpp">
			<Option target="BearLibTerminal"/>
		</Unit>
		<Unit filename="/home/andres6936/CLionProjects/BearLibTerminal/Terminal/Source/Options.hpp">
			<Option target="BearLibTerminal"/>
		</Unit>
		<Unit filename="/home/andres6936/CLionProjects/BearLibTerminal/Terminal/Source/Palette.cpp">
			<Option target="BearLibTerminal"/>
		</Unit>
		<Unit filename="/home/andres6936/CLionProjects/BearLibTerminal/Terminal/Source/Palette.hpp">
			<Option target="BearLibTerminal"/>
		</Unit>
		<Unit filename="/home/andres6936/CLionProjects/BearLibTerminal/Terminal/Source/Platform.cpp">
			<Option target="BearLibTerminal"/>
		</Unit>
		<Unit filename="/home/andres6936/CLionProjects/BearLibTerminal/Terminal/Source/Platform.hpp">
			<Option target="BearLibTerminal"/>
		</Unit>
		<Unit filename="/home/andres6936/CLionProjects/BearLibTerminal/Terminal/Source/Point.hpp">
			<Option target="BearLibTerminal"/>
		</Unit>
		<Unit filename="/home/andres6936/CLionProjects/BearLibTerminal/Terminal/Source/Rectangle.hpp">
			<Option target="BearLibTerminal"/>
		</Unit>
		<Unit filename="/home/andres6936/CLionProjects/BearLibTerminal/Terminal/Source/Resource.cpp">
			<Option target="BearLibTerminal"/>
		</Unit>
		<Unit filename="/home/andres6936/CLionProjects/BearLibTerminal/Terminal/Source/Resource.hpp">
			<Option target="BearLibTerminal"/>
		</Unit>
		<Unit filename="/home/andres6936/CLionProjects/BearLibTerminal/Terminal/Source/SaveBMP.cpp">
			<Option target="BearLibTerminal"/>
		</Unit>
		<Unit filename="/home/andres6936/CLionProjects/BearLibTerminal/Terminal/Source/Size.hpp">
			<Option target="BearLibTerminal"/>
		</Unit>
		<Unit filename="/home/andres6936/CLionProjects/BearLibTerminal/Terminal/Source/Stage.cpp">
			<Option target="BearLibTerminal"/>
		</Unit>
		<Unit filename="/home/andres6936/CLionProjects/BearLibTerminal/Terminal/Source/Stage.hpp">
			<Option target="BearLibTerminal"/>
		</Unit>
		<Unit filename="/home/andres6936/CLionProjects/BearLibTerminal/Terminal/Source/Terminal.cpp">
			<Option target="BearLibTerminal"/>
		</Unit>
		<Unit filename="/home/andres6936/CLionProjects/BearLibTerminal/Terminal/Source/Terminal.hpp">
			<Option target="BearLibTerminal"/>
		</Unit>
		<Unit filename="/home/andres6936/CLionProjects/BearLibTerminal/Terminal/Source/Texture.cpp">
			<Option target="BearLibTerminal"/>
		</Unit>
		<Unit filename="/home/andres6936/CLionProjects/BearLibTerminal/Terminal/Source/Texture.hpp">
			<Option target="BearLibTerminal"/>
		</Unit>
		<Unit filename="/home/andres6936/CLionProjects/BearLibTerminal/Terminal/Source/Tileset.cpp">
			<Option target="BearLibTerminal"/>
		</Unit>
		<Unit filename="/home/andres6936/CLionProjects/BearLibTerminal/Terminal/Source/Tileset.hpp">
			<Option target="BearLibTerminal"/>
		</Unit>
		<Unit filename="/home/andres6936/CLionProjects/BearLibTerminal/Terminal/Source/TrueTypeTileset.cpp">
			<Option target="BearLibTerminal"/>
		</Unit>
		<Unit filename="/home/andres6936/CLionProjects/BearLibTerminal/Terminal/Source/TrueTypeTileset.hpp">
			<Option target="BearLibTerminal"/>
		</Unit>
		<Unit filename="/home/andres6936/CLionProjects/BearLibTerminal/Terminal/Source/Utility.cpp">
			<Option target="BearLibTerminal"/>
		</Unit>
		<Unit filename="/home/andres6936/CLionProjects/BearLibTerminal/Terminal/Source/Utility.hpp">
			<Option target="BearLibTerminal"/>
		</Unit>
		<Unit filename="/home/andres6936/CLionProjects/BearLibTerminal/Terminal/Source/WinApiWindow.cpp">
			<Option target="BearLibTerminal"/>
		</Unit>
		<Unit filename="/home/andres6936/CLionProjects/BearLibTerminal/Terminal/Source/WinApiWindow.hpp">
			<Option target="BearLibTerminal"/>
		</Unit>
		<Unit filename="/home/andres6936/CLionProjects/BearLibTerminal/Terminal/Source/Window.cpp">
			<Option target="BearLibTerminal"/>
		</Unit>
		<Unit filename="/home/andres6936/CLionProjects/BearLibTerminal/Terminal/Source/Window.hpp">
			<Option target="BearLibTerminal"/>
		</Unit>
		<Unit filename="/home/andres6936/CLionProjects/BearLibTerminal/Terminal/Source/X11Window.cpp">
			<Option target="BearLibTerminal"/>
		</Unit>
		<Unit filename="/home/andres6936/CLionProjects/BearLibTerminal/Terminal/Source/X11Window.hpp">
			<Option target="BearLibTerminal"/>
		</Unit>
		<Unit filename="/home/andres6936/CLionProjects/BearLibTerminal/CMakeLists.txt">
			<Option virtualFolder="CMake Files\"/>
		</Unit>
		<Unit filename="/home/andres6936/CLionProjects/BearLibTerminal/Terminal/CMakeLists.txt">
			<Option virtualFolder="CMake Files\Terminal\"/>
		</Unit>
		<Unit filename="/home/andres6936/CLionProjects/BearLibTerminal/Terminal/Dependencies/FreeType/CMakeLists.txt">
			<Option virtualFolder="CMake Files\Terminal\Dependencies\FreeType\"/>
		</Unit>
		<Unit filename="/home/andres6936/CLionProjects/BearLibTerminal/Terminal/Dependencies/PicoPNG/CMakeLists.txt">
			<Option virtualFolder="CMake Files\Terminal\Dependencies\PicoPNG\"/>
		</Unit>
		<Unit filename="/home/andres6936/CLionProjects/BearLibTerminal/Samples/Omni/CMakeLists.txt">
			<Option virtualFolder="CMake Files\Samples\Omni\"/>
		</Unit>
	</Project>
</CodeBlocks_project_file>
